// !$*UTF8*$!
{
	archiveVersion = 1;
	classes = {
	};
	objectVersion = 50;
	objects = {

/* Begin PBXBuildFile section */
		4E25E8A220853E55003C7EF6 /* AppDelegate.m in Sources */ = {isa = PBXBuildFile; fileRef = 4E25E8A120853E55003C7EF6 /* AppDelegate.m */; };
		4E25E8A520853E55003C7EF6 /* ViewController.m in Sources */ = {isa = PBXBuildFile; fileRef = 4E25E8A420853E55003C7EF6 /* ViewController.m */; };
		4E25E8A820853E55003C7EF6 /* Main.storyboard in Resources */ = {isa = PBXBuildFile; fileRef = 4E25E8A620853E55003C7EF6 /* Main.storyboard */; };
		4E25E8AB20853E55003C7EF6 /* Camera_App.xcdatamodeld in Sources */ = {isa = PBXBuildFile; fileRef = 4E25E8A920853E55003C7EF6 /* Camera_App.xcdatamodeld */; };
		4E25E8AD20853E56003C7EF6 /* Assets.xcassets in Resources */ = {isa = PBXBuildFile; fileRef = 4E25E8AC20853E56003C7EF6 /* Assets.xcassets */; };
		4E25E8B020853E56003C7EF6 /* LaunchScreen.storyboard in Resources */ = {isa = PBXBuildFile; fileRef = 4E25E8AE20853E56003C7EF6 /* LaunchScreen.storyboard */; };
		4E25E8B320853E56003C7EF6 /* main.m in Sources */ = {isa = PBXBuildFile; fileRef = 4E25E8B220853E56003C7EF6 /* main.m */; };
		4E25E8BD20853E56003C7EF6 /* Camera_AppTests.m in Sources */ = {isa = PBXBuildFile; fileRef = 4E25E8BC20853E56003C7EF6 /* Camera_AppTests.m */; };
		4E25E8C820853E56003C7EF6 /* Camera_AppUITests.m in Sources */ = {isa = PBXBuildFile; fileRef = 4E25E8C720853E56003C7EF6 /* Camera_AppUITests.m */; };
/* End PBXBuildFile section */

/* Begin PBXContainerItemProxy section */
		4E25E8B920853E56003C7EF6 /* PBXContainerItemProxy */ = {
			isa = PBXContainerItemProxy;
			containerPortal = 4E25E89520853E55003C7EF6 /* Project object */;
			proxyType = 1;
			remoteGlobalIDString = 4E25E89C20853E55003C7EF6;
			remoteInfo = "Camera App";
		};
		4E25E8C420853E56003C7EF6 /* PBXContainerItemProxy */ = {
			isa = PBXContainerItemProxy;
			containerPortal = 4E25E89520853E55003C7EF6 /* Project object */;
			proxyType = 1;
			remoteGlobalIDString = 4E25E89C20853E55003C7EF6;
			remoteInfo = "Camera App";
		};
/* End PBXContainerItemProxy section */

/* Begin PBXFileReference section */
		4E25E89D20853E55003C7EF6 /* Camera App.app */ = {isa = PBXFileReference; explicitFileType = wrapper.application; includeInIndex = 0; path = "Camera App.app"; sourceTree = BUILT_PRODUCTS_DIR; };
		4E25E8A020853E55003C7EF6 /* AppDelegate.h */ = {isa = PBXFileReference; lastKnownFileType = sourcecode.c.h; path = AppDelegate.h; sourceTree = "<group>"; };
		4E25E8A120853E55003C7EF6 /* AppDelegate.m */ = {isa = PBXFileReference; lastKnownFileType = sourcecode.c.objc; path = AppDelegate.m; sourceTree = "<group>"; };
		4E25E8A320853E55003C7EF6 /* ViewController.h */ = {isa = PBXFileReference; lastKnownFileType = sourcecode.c.h; path = ViewController.h; sourceTree = "<group>"; };
		4E25E8A420853E55003C7EF6 /* ViewController.m */ = {isa = PBXFileReference; lastKnownFileType = sourcecode.c.objc; path = ViewController.m; sourceTree = "<group>"; };
		4E25E8A720853E55003C7EF6 /* Base */ = {isa = PBXFileReference; lastKnownFileType = file.storyboard; name = Base; path = Base.lproj/Main.storyboard; sourceTree = "<group>"; };
		4E25E8AA20853E55003C7EF6 /* Camera_App.xcdatamodel */ = {isa = PBXFileReference; lastKnownFileType = wrapper.xcdatamodel; path = Camera_App.xcdatamodel; sourceTree = "<group>"; };
		4E25E8AC20853E56003C7EF6 /* Assets.xcassets */ = {isa = PBXFileReference; lastKnownFileType = folder.assetcatalog; path = Assets.xcassets; sourceTree = "<group>"; };
		4E25E8AF20853E56003C7EF6 /* Base */ = {isa = PBXFileReference; lastKnownFileType = file.storyboard; name = Base; path = Base.lproj/LaunchScreen.storyboard; sourceTree = "<group>"; };
		4E25E8B120853E56003C7EF6 /* Info.plist */ = {isa = PBXFileReference; lastKnownFileType = text.plist.xml; path = Info.plist; sourceTree = "<group>"; };
		4E25E8B220853E56003C7EF6 /* main.m */ = {isa = PBXFileReference; lastKnownFileType = sourcecode.c.objc; path = main.m; sourceTree = "<group>"; };
		4E25E8B820853E56003C7EF6 /* Camera AppTests.xctest */ = {isa = PBXFileReference; explicitFileType = wrapper.cfbundle; includeInIndex = 0; path = "Camera AppTests.xctest"; sourceTree = BUILT_PRODUCTS_DIR; };
		4E25E8BC20853E56003C7EF6 /* Camera_AppTests.m */ = {isa = PBXFileReference; lastKnownFileType = sourcecode.c.objc; path = Camera_AppTests.m; sourceTree = "<group>"; };
		4E25E8BE20853E56003C7EF6 /* Info.plist */ = {isa = PBXFileReference; lastKnownFileType = text.plist.xml; path = Info.plist; sourceTree = "<group>"; };
		4E25E8C320853E56003C7EF6 /* Camera AppUITests.xctest */ = {isa = PBXFileReference; explicitFileType = wrapper.cfbundle; includeInIndex = 0; path = "Camera AppUITests.xctest"; sourceTree = BUILT_PRODUCTS_DIR; };
		4E25E8C720853E56003C7EF6 /* Camera_AppUITests.m */ = {isa = PBXFileReference; lastKnownFileType = sourcecode.c.objc; path = Camera_AppUITests.m; sourceTree = "<group>"; };
		4E25E8C920853E56003C7EF6 /* Info.plist */ = {isa = PBXFileReference; lastKnownFileType = text.plist.xml; path = Info.plist; sourceTree = "<group>"; };
/* End PBXFileReference section */

/* Begin PBXFrameworksBuildPhase section */
		4E25E89A20853E55003C7EF6 /* Frameworks */ = {
			isa = PBXFrameworksBuildPhase;
			buildActionMask = 2147483647;
			files = (
			);
			runOnlyForDeploymentPostprocessing = 0;
		};
		4E25E8B520853E56003C7EF6 /* Frameworks */ = {
			isa = PBXFrameworksBuildPhase;
			buildActionMask = 2147483647;
			files = (
			);
			runOnlyForDeploymentPostprocessing = 0;
		};
		4E25E8C020853E56003C7EF6 /* Frameworks */ = {
			isa = PBXFrameworksBuildPhase;
			buildActionMask = 2147483647;
			files = (
			);
			runOnlyForDeploymentPostprocessing = 0;
		};
/* End PBXFrameworksBuildPhase section */

/* Begin PBXGroup section */
		4E25E89420853E55003C7EF6 = {
			isa = PBXGroup;
			children = (
				4E25E89F20853E55003C7EF6 /* Camera App */,
				4E25E8BB20853E56003C7EF6 /* Camera AppTests */,
				4E25E8C620853E56003C7EF6 /* Camera AppUITests */,
				4E25E89E20853E55003C7EF6 /* Products */,
			);
			sourceTree = "<group>";
		};
		4E25E89E20853E55003C7EF6 /* Products */ = {
			isa = PBXGroup;
			children = (
				4E25E89D20853E55003C7EF6 /* Camera App.app */,
				4E25E8B820853E56003C7EF6 /* Camera AppTests.xctest */,
				4E25E8C320853E56003C7EF6 /* Camera AppUITests.xctest */,
			);
			name = Products;
			sourceTree = "<group>";
		};
		4E25E89F20853E55003C7EF6 /* Camera App */ = {
			isa = PBXGroup;
			children = (
				4E25E8A020853E55003C7EF6 /* AppDelegate.h */,
				4E25E8A120853E55003C7EF6 /* AppDelegate.m */,
				4E25E8A320853E55003C7EF6 /* ViewController.h */,
				4E25E8A420853E55003C7EF6 /* ViewController.m */,
				4E25E8A620853E55003C7EF6 /* Main.storyboard */,
				4E25E8AC20853E56003C7EF6 /* Assets.xcassets */,
				4E25E8AE20853E56003C7EF6 /* LaunchScreen.storyboard */,
				4E25E8B120853E56003C7EF6 /* Info.plist */,
				4E25E8B220853E56003C7EF6 /* main.m */,
				4E25E8A920853E55003C7EF6 /* Camera_App.xcdatamodeld */,
			);
			path = "Camera App";
			sourceTree = "<group>";
		};
		4E25E8BB20853E56003C7EF6 /* Camera AppTests */ = {
			isa = PBXGroup;
			children = (
				4E25E8BC20853E56003C7EF6 /* Camera_AppTests.m */,
				4E25E8BE20853E56003C7EF6 /* Info.plist */,
			);
			path = "Camera AppTests";
			sourceTree = "<group>";
		};
		4E25E8C620853E56003C7EF6 /* Camera AppUITests */ = {
			isa = PBXGroup;
			children = (
				4E25E8C720853E56003C7EF6 /* Camera_AppUITests.m */,
				4E25E8C920853E56003C7EF6 /* Info.plist */,
			);
			path = "Camera AppUITests";
			sourceTree = "<group>";
		};
/* End PBXGroup section */

/* Begin PBXNativeTarget section */
		4E25E89C20853E55003C7EF6 /* Camera App */ = {
			isa = PBXNativeTarget;
			buildConfigurationList = 4E25E8CC20853E56003C7EF6 /* Build configuration list for PBXNativeTarget "Camera App" */;
			buildPhases = (
				4E25E89920853E55003C7EF6 /* Sources */,
				4E25E89A20853E55003C7EF6 /* Frameworks */,
				4E25E89B20853E55003C7EF6 /* Resources */,
			);
			buildRules = (
			);
			dependencies = (
			);
			name = "Camera App";
			productName = "Camera App";
			productReference = 4E25E89D20853E55003C7EF6 /* Camera App.app */;
			productType = "com.apple.product-type.application";
		};
		4E25E8B720853E56003C7EF6 /* Camera AppTests */ = {
			isa = PBXNativeTarget;
			buildConfigurationList = 4E25E8CF20853E56003C7EF6 /* Build configuration list for PBXNativeTarget "Camera AppTests" */;
			buildPhases = (
				4E25E8B420853E56003C7EF6 /* Sources */,
				4E25E8B520853E56003C7EF6 /* Frameworks */,
				4E25E8B620853E56003C7EF6 /* Resources */,
			);
			buildRules = (
			);
			dependencies = (
				4E25E8BA20853E56003C7EF6 /* PBXTargetDependency */,
			);
			name = "Camera AppTests";
			productName = "Camera AppTests";
			productReference = 4E25E8B820853E56003C7EF6 /* Camera AppTests.xctest */;
			productType = "com.apple.product-type.bundle.unit-test";
		};
		4E25E8C220853E56003C7EF6 /* Camera AppUITests */ = {
			isa = PBXNativeTarget;
			buildConfigurationList = 4E25E8D220853E56003C7EF6 /* Build configuration list for PBXNativeTarget "Camera AppUITests" */;
			buildPhases = (
				4E25E8BF20853E56003C7EF6 /* Sources */,
				4E25E8C020853E56003C7EF6 /* Frameworks */,
				4E25E8C120853E56003C7EF6 /* Resources */,
			);
			buildRules = (
			);
			dependencies = (
				4E25E8C520853E56003C7EF6 /* PBXTargetDependency */,
			);
			name = "Camera AppUITests";
			productName = "Camera AppUITests";
			productReference = 4E25E8C320853E56003C7EF6 /* Camera AppUITests.xctest */;
			productType = "com.apple.product-type.bundle.ui-testing";
		};
/* End PBXNativeTarget section */

/* Begin PBXProject section */
		4E25E89520853E55003C7EF6 /* Project object */ = {
			isa = PBXProject;
			attributes = {
				LastUpgradeCheck = 0930;
				ORGANIZATIONNAME = "Rolando Cruz";
				TargetAttributes = {
					4E25E89C20853E55003C7EF6 = {
						CreatedOnToolsVersion = 9.3;
					};
					4E25E8B720853E56003C7EF6 = {
						CreatedOnToolsVersion = 9.3;
						TestTargetID = 4E25E89C20853E55003C7EF6;
					};
					4E25E8C220853E56003C7EF6 = {
						CreatedOnToolsVersion = 9.3;
						TestTargetID = 4E25E89C20853E55003C7EF6;
					};
				};
			};
			buildConfigurationList = 4E25E89820853E55003C7EF6 /* Build configuration list for PBXProject "Camera App" */;
			compatibilityVersion = "Xcode 9.3";
			developmentRegion = en;
			hasScannedForEncodings = 0;
			knownRegions = (
				en,
				Base,
			);
			mainGroup = 4E25E89420853E55003C7EF6;
			productRefGroup = 4E25E89E20853E55003C7EF6 /* Products */;
			projectDirPath = "";
			projectRoot = "";
			targets = (
				4E25E89C20853E55003C7EF6 /* Camera App */,
				4E25E8B720853E56003C7EF6 /* Camera AppTests */,
				4E25E8C220853E56003C7EF6 /* Camera AppUITests */,
			);
		};
/* End PBXProject section */

/* Begin PBXResourcesBuildPhase section */
		4E25E89B20853E55003C7EF6 /* Resources */ = {
			isa = PBXResourcesBuildPhase;
			buildActionMask = 2147483647;
			files = (
				4E25E8B020853E56003C7EF6 /* LaunchScreen.storyboard in Resources */,
				4E25E8AD20853E56003C7EF6 /* Assets.xcassets in Resources */,
				4E25E8A820853E55003C7EF6 /* Main.storyboard in Resources */,
			);
			runOnlyForDeploymentPostprocessing = 0;
		};
		4E25E8B620853E56003C7EF6 /* Resources */ = {
			isa = PBXResourcesBuildPhase;
			buildActionMask = 2147483647;
			files = (
			);
			runOnlyForDeploymentPostprocessing = 0;
		};
		4E25E8C120853E56003C7EF6 /* Resources */ = {
			isa = PBXResourcesBuildPhase;
			buildActionMask = 2147483647;
			files = (
			);
			runOnlyForDeploymentPostprocessing = 0;
		};
/* End PBXResourcesBuildPhase section */

/* Begin PBXSourcesBuildPhase section */
		4E25E89920853E55003C7EF6 /* Sources */ = {
			isa = PBXSourcesBuildPhase;
			buildActionMask = 2147483647;
			files = (
				4E25E8A520853E55003C7EF6 /* ViewController.m in Sources */,
				4E25E8A220853E55003C7EF6 /* AppDelegate.m in Sources */,
				4E25E8B320853E56003C7EF6 /* main.m in Sources */,
				4E25E8AB20853E55003C7EF6 /* Camera_App.xcdatamodeld in Sources */,
			);
			runOnlyForDeploymentPostprocessing = 0;
		};
		4E25E8B420853E56003C7EF6 /* Sources */ = {
			isa = PBXSourcesBuildPhase;
			buildActionMask = 2147483647;
			files = (
				4E25E8BD20853E56003C7EF6 /* Camera_AppTests.m in Sources */,
			);
			runOnlyForDeploymentPostprocessing = 0;
		};
		4E25E8BF20853E56003C7EF6 /* Sources */ = {
			isa = PBXSourcesBuildPhase;
			buildActionMask = 2147483647;
			files = (
				4E25E8C820853E56003C7EF6 /* Camera_AppUITests.m in Sources */,
			);
			runOnlyForDeploymentPostprocessing = 0;
		};
/* End PBXSourcesBuildPhase section */

/* Begin PBXTargetDependency section */
		4E25E8BA20853E56003C7EF6 /* PBXTargetDependency */ = {
			isa = PBXTargetDependency;
			target = 4E25E89C20853E55003C7EF6 /* Camera App */;
			targetProxy = 4E25E8B920853E56003C7EF6 /* PBXContainerItemProxy */;
		};
		4E25E8C520853E56003C7EF6 /* PBXTargetDependency */ = {
			isa = PBXTargetDependency;
			target = 4E25E89C20853E55003C7EF6 /* Camera App */;
			targetProxy = 4E25E8C420853E56003C7EF6 /* PBXContainerItemProxy */;
		};
/* End PBXTargetDependency section */

/* Begin PBXVariantGroup section */
		4E25E8A620853E55003C7EF6 /* Main.storyboard */ = {
			isa = PBXVariantGroup;
			children = (
				4E25E8A720853E55003C7EF6 /* Base */,
			);
			name = Main.storyboard;
			sourceTree = "<group>";
		};
		4E25E8AE20853E56003C7EF6 /* LaunchScreen.storyboard */ = {
			isa = PBXVariantGroup;
			children = (
				4E25E8AF20853E56003C7EF6 /* Base */,
			);
			name = LaunchScreen.storyboard;
			sourceTree = "<group>";
		};
/* End PBXVariantGroup section */

/* Begin XCBuildConfiguration section */
		4E25E8CA20853E56003C7EF6 /* Debug */ = {
			isa = XCBuildConfiguration;
			buildSettings = {
				ALWAYS_SEARCH_USER_PATHS = NO;
				CLANG_ANALYZER_NONNULL = YES;
				CLANG_ANALYZER_NUMBER_OBJECT_CONVERSION = YES_AGGRESSIVE;
				CLANG_CXX_LANGUAGE_STANDARD = "gnu++14";
				CLANG_CXX_LIBRARY = "libc++";
				CLANG_ENABLE_MODULES = YES;
				CLANG_ENABLE_OBJC_ARC = YES;
				CLANG_ENABLE_OBJC_WEAK = YES;
				CLANG_WARN_BLOCK_CAPTURE_AUTORELEASING = YES;
				CLANG_WARN_BOOL_CONVERSION = YES;
				CLANG_WARN_COMMA = YES;
				CLANG_WARN_CONSTANT_CONVERSION = YES;
				CLANG_WARN_DEPRECATED_OBJC_IMPLEMENTATIONS = YES;
				CLANG_WARN_DIRECT_OBJC_ISA_USAGE = YES_ERROR;
				CLANG_WARN_DOCUMENTATION_COMMENTS = YES;
				CLANG_WARN_EMPTY_BODY = YES;
				CLANG_WARN_ENUM_CONVERSION = YES;
				CLANG_WARN_INFINITE_RECURSION = YES;
				CLANG_WARN_INT_CONVERSION = YES;
				CLANG_WARN_NON_LITERAL_NULL_CONVERSION = YES;
				CLANG_WARN_OBJC_IMPLICIT_RETAIN_SELF = YES;
				CLANG_WARN_OBJC_LITERAL_CONVERSION = YES;
				CLANG_WARN_OBJC_ROOT_CLASS = YES_ERROR;
				CLANG_WARN_RANGE_LOOP_ANALYSIS = YES;
				CLANG_WARN_STRICT_PROTOTYPES = YES;
				CLANG_WARN_SUSPICIOUS_MOVE = YES;
				CLANG_WARN_UNGUARDED_AVAILABILITY = YES_AGGRESSIVE;
				CLANG_WARN_UNREACHABLE_CODE = YES;
				CLANG_WARN__DUPLICATE_METHOD_MATCH = YES;
				CODE_SIGN_IDENTITY = "iPhone Developer";
				COPY_PHASE_STRIP = NO;
				DEBUG_INFORMATION_FORMAT = dwarf;
				ENABLE_STRICT_OBJC_MSGSEND = YES;
				ENABLE_TESTABILITY = YES;
				GCC_C_LANGUAGE_STANDARD = gnu11;
				GCC_DYNAMIC_NO_PIC = NO;
				GCC_NO_COMMON_BLOCKS = YES;
				GCC_OPTIMIZATION_LEVEL = 0;
				GCC_PREPROCESSOR_DEFINITIONS = (
					"DEBUG=1",
					"$(inherited)",
				);
				GCC_WARN_64_TO_32_BIT_CONVERSION = YES;
				GCC_WARN_ABOUT_RETURN_TYPE = YES_ERROR;
				GCC_WARN_UNDECLARED_SELECTOR = YES;
				GCC_WARN_UNINITIALIZED_AUTOS = YES_AGGRESSIVE;
				GCC_WARN_UNUSED_FUNCTION = YES;
				GCC_WARN_UNUSED_VARIABLE = YES;
				IPHONEOS_DEPLOYMENT_TARGET = 11.3;
				MTL_ENABLE_DEBUG_INFO = YES;
				ONLY_ACTIVE_ARCH = YES;
				SDKROOT = iphoneos;
			};
			name = Debug;
		};
		4E25E8CB20853E56003C7EF6 /* Release */ = {
			isa = XCBuildConfiguration;
			buildSettings = {
				ALWAYS_SEARCH_USER_PATHS = NO;
				CLANG_ANALYZER_NONNULL = YES;
				CLANG_ANALYZER_NUMBER_OBJECT_CONVERSION = YES_AGGRESSIVE;
				CLANG_CXX_LANGUAGE_STANDARD = "gnu++14";
				CLANG_CXX_LIBRARY = "libc++";
				CLANG_ENABLE_MODULES = YES;
				CLANG_ENABLE_OBJC_ARC = YES;
				CLANG_ENABLE_OBJC_WEAK = YES;
				CLANG_WARN_BLOCK_CAPTURE_AUTORELEASING = YES;
				CLANG_WARN_BOOL_CONVERSION = YES;
				CLANG_WARN_COMMA = YES;
				CLANG_WARN_CONSTANT_CONVERSION = YES;
				CLANG_WARN_DEPRECATED_OBJC_IMPLEMENTATIONS = YES;
				CLANG_WARN_DIRECT_OBJC_ISA_USAGE = YES_ERROR;
				CLANG_WARN_DOCUMENTATION_COMMENTS = YES;
				CLANG_WARN_EMPTY_BODY = YES;
				CLANG_WARN_ENUM_CONVERSION = YES;
				CLANG_WARN_INFINITE_RECURSION = YES;
				CLANG_WARN_INT_CONVERSION = YES;
				CLANG_WARN_NON_LITERAL_NULL_CONVERSION = YES;
				CLANG_WARN_OBJC_IMPLICIT_RETAIN_SELF = YES;
				CLANG_WARN_OBJC_LITERAL_CONVERSION = YES;
				CLANG_WARN_OBJC_ROOT_CLASS = YES_ERROR;
				CLANG_WARN_RANGE_LOOP_ANALYSIS = YES;
				CLANG_WARN_STRICT_PROTOTYPES = YES;
				CLANG_WARN_SUSPICIOUS_MOVE = YES;
				CLANG_WARN_UNGUARDED_AVAILABILITY = YES_AGGRESSIVE;
				CLANG_WARN_UNREACHABLE_CODE = YES;
				CLANG_WARN__DUPLICATE_METHOD_MATCH = YES;
				CODE_SIGN_IDENTITY = "iPhone Developer";
				COPY_PHASE_STRIP = NO;
				DEBUG_INFORMATION_FORMAT = "dwarf-with-dsym";
				ENABLE_NS_ASSERTIONS = NO;
				ENABLE_STRICT_OBJC_MSGSEND = YES;
				GCC_C_LANGUAGE_STANDARD = gnu11;
				GCC_NO_COMMON_BLOCKS = YES;
				GCC_WARN_64_TO_32_BIT_CONVERSION = YES;
				GCC_WARN_ABOUT_RETURN_TYPE = YES_ERROR;
				GCC_WARN_UNDECLARED_SELECTOR = YES;
				GCC_WARN_UNINITIALIZED_AUTOS = YES_AGGRESSIVE;
				GCC_WARN_UNUSED_FUNCTION = YES;
				GCC_WARN_UNUSED_VARIABLE = YES;
				IPHONEOS_DEPLOYMENT_TARGET = 11.3;
				MTL_ENABLE_DEBUG_INFO = NO;
				SDKROOT = iphoneos;
				VALIDATE_PRODUCT = YES;
			};
			name = Release;
		};
		4E25E8CD20853E56003C7EF6 /* Debug */ = {
			isa = XCBuildConfiguration;
			buildSettings = {
				ASSETCATALOG_COMPILER_APPICON_NAME = AppIcon;
				CODE_SIGN_STYLE = Automatic;
				DEVELOPMENT_TEAM = B6PJY8ADY4;
				INFOPLIST_FILE = "Camera App/Info.plist";
				LD_RUNPATH_SEARCH_PATHS = (
					"$(inherited)",
					"@executable_path/Frameworks",
				);
				PRODUCT_BUNDLE_IDENTIFIER = "com.citrix.cameraapp.Camera-App";
				PRODUCT_NAME = "$(TARGET_NAME)";
				TARGETED_DEVICE_FAMILY = "1,2";
			};
			name = Debug;
		};
		4E25E8CE20853E56003C7EF6 /* Release */ = {
			isa = XCBuildConfiguration;
			buildSettings = {
				ASSETCATALOG_COMPILER_APPICON_NAME = AppIcon;
				CODE_SIGN_STYLE = Automatic;
				DEVELOPMENT_TEAM = B6PJY8ADY4;
				INFOPLIST_FILE = "Camera App/Info.plist";
				LD_RUNPATH_SEARCH_PATHS = (
					"$(inherited)",
					"@executable_path/Frameworks",
				);
				PRODUCT_BUNDLE_IDENTIFIER = "com.citrix.cameraapp.Camera-App";
				PRODUCT_NAME = "$(TARGET_NAME)";
				TARGETED_DEVICE_FAMILY = "1,2";
			};
			name = Release;
		};
		4E25E8D020853E56003C7EF6 /* Debug */ = {
			isa = XCBuildConfiguration;
			buildSettings = {
				BUNDLE_LOADER = "$(TEST_HOST)";
				CODE_SIGN_STYLE = Automatic;
				DEVELOPMENT_TEAM = B6PJY8ADY4;
				INFOPLIST_FILE = "Camera AppTests/Info.plist";
				LD_RUNPATH_SEARCH_PATHS = (
					"$(inherited)",
					"@executable_path/Frameworks",
					"@loader_path/Frameworks",
				);
				PRODUCT_BUNDLE_IDENTIFIER = "com.citrix.cameraapp.Camera-AppTests";
				PRODUCT_NAME = "$(TARGET_NAME)";
				TARGETED_DEVICE_FAMILY = "1,2";
				TEST_HOST = "$(BUILT_PRODUCTS_DIR)/Camera App.app/Camera App";
			};
			name = Debug;
		};
		4E25E8D120853E56003C7EF6 /* Release */ = {
			isa = XCBuildConfiguration;
			buildSettings = {
				BUNDLE_LOADER = "$(TEST_HOST)";
				CODE_SIGN_STYLE = Automatic;
				DEVELOPMENT_TEAM = B6PJY8ADY4;
				INFOPLIST_FILE = "Camera AppTests/Info.plist";
				LD_RUNPATH_SEARCH_PATHS = (
					"$(inherited)",
					"@executable_path/Frameworks",
					"@loader_path/Frameworks",
				);
				PRODUCT_BUNDLE_IDENTIFIER = "com.citrix.cameraapp.Camera-AppTests";
				PRODUCT_NAME = "$(TARGET_NAME)";
				TARGETED_DEVICE_FAMILY = "1,2";
				TEST_HOST = "$(BUILT_PRODUCTS_DIR)/Camera App.app/Camera App";
			};
			name = Release;
		};
		4E25E8D320853E56003C7EF6 /* Debug */ = {
			isa = XCBuildConfiguration;
			buildSettings = {
				CODE_SIGN_STYLE = Automatic;
				DEVELOPMENT_TEAM = B6PJY8ADY4;
				INFOPLIST_FILE = "Camera AppUITests/Info.plist";
				LD_RUNPATH_SEARCH_PATHS = (
					"$(inherited)",
					"@executable_path/Frameworks",
					"@loader_path/Frameworks",
				);
				PRODUCT_BUNDLE_IDENTIFIER = "com.citrix.cameraapp.Camera-AppUITests";
				PRODUCT_NAME = "$(TARGET_NAME)";
				TARGETED_DEVICE_FAMILY = "1,2";
				TEST_TARGET_NAME = "Camera App";
			};
			name = Debug;
		};
		4E25E8D420853E56003C7EF6 /* Release */ = {
			isa = XCBuildConfiguration;
			buildSettings = {
				CODE_SIGN_STYLE = Automatic;
				DEVELOPMENT_TEAM = B6PJY8ADY4;
				INFOPLIST_FILE = "Camera AppUITests/Info.plist";
				LD_RUNPATH_SEARCH_PATHS = (
					"$(inherited)",
					"@executable_path/Frameworks",
					"@loader_path/Frameworks",
				);
				PRODUCT_BUNDLE_IDENTIFIER = "com.citrix.cameraapp.Camera-AppUITests";
				PRODUCT_NAME = "$(TARGET_NAME)";
				TARGETED_DEVICE_FAMILY = "1,2";
				TEST_TARGET_NAME = "Camera App";
			};
			name = Release;
		};
/* End XCBuildConfiguration section */

/* Begin XCConfigurationList section */
		4E25E89820853E55003C7EF6 /* Build configuration list for PBXProject "Camera App" */ = {
			isa = XCConfigurationList;
			buildConfigurations = (
				4E25E8CA20853E56003C7EF6 /* Debug */,
				4E25E8CB20853E56003C7EF6 /* Release */,
			);
			defaultConfigurationIsVisible = 0;
			defaultConfigurationName = Release;
		};
		4E25E8CC20853E56003C7EF6 /* Build configuration list for PBXNativeTarget "Camera App" */ = {
			isa = XCConfigurationList;
			buildConfigurations = (
				4E25E8CD20853E56003C7EF6 /* Debug */,
				4E25E8CE20853E56003C7EF6 /* Release */,
			);
			defaultConfigurationIsVisible = 0;
			defaultConfigurationName = Release;
		};
		4E25E8CF20853E56003C7EF6 /* Build configuration list for PBXNativeTarget "Camera AppTests" */ = {
			isa = XCConfigurationList;
			buildConfigurations = (
				4E25E8D020853E56003C7EF6 /* Debug */,
				4E25E8D120853E56003C7EF6 /* Release */,
			);
			defaultConfigurationIsVisible = 0;
			defaultConfigurationName = Release;
		};
		4E25E8D220853E56003C7EF6 /* Build configuration list for PBXNativeTarget "Camera AppUITests" */ = {
			isa = XCConfigurationList;
			buildConfigurations = (
				4E25E8D320853E56003C7EF6 /* Debug */,
				4E25E8D420853E56003C7EF6 /* Release */,
			);
			defaultConfigurationIsVisible = 0;
			defaultConfigurationName = Release;
		};
/* End XCConfigurationList section */

/* Begin XCVersionGroup section */
		4E25E8A920853E55003C7EF6 /* Camera_App.xcdatamodeld */ = {
			isa = XCVersionGroup;
			children = (
				4E25E8AA20853E55003C7EF6 /* Camera_App.xcdatamodel */,
			);
			currentVersion = 4E25E8AA20853E55003C7EF6 /* Camera_App.xcdatamodel */;
			path = Camera_App.xcdatamodeld;
			sourceTree = "<group>";
			versionGroupType = wrapper.xcdatamodel;
		};
/* End XCVersionGroup section */
	};
	rootObject = 4E25E89520853E55003C7EF6 /* Project object */;
}
